
Microsoft Visual Studio Solution File, Format Version 12.00
# Visual Studio 15
VisualStudioVersion = 15.0.27703.2026
MinimumVisualStudioVersion = 10.0.40219.1
Project("{FAE04EC0-301F-11D3-BF4B-00C04F79EFBC}") = "TorensVanHanoi", "TorensVanHanoi\TorensVanHanoi.csproj", "{F14131A4-B207-4F23-9377-70DE5EE3A3F5}"
EndProject
Project("{FAE04EC0-301F-11D3-BF4B-00C04F79EFBC}") = "For-Loop", "For-Loop\For-Loop.csproj", "{64F92229-1B81-4526-968B-FD6633E5009F}"
EndProject
Project("{FAE04EC0-301F-11D3-BF4B-00C04F79EFBC}") = "Recursie", "Recursie\Recursie.csproj", "{4F9C4C57-AC12-4F72-AC03-0ECF40895C54}"
EndProject
Project("{FAE04EC0-301F-11D3-BF4B-00C04F79EFBC}") = "Machtsverheffen", "Machtsverheffen\Machtsverheffen.csproj", "{B0FA4694-A717-4CBA-A35D-AABE0C9CFDBB}"
EndProject
Global
	GlobalSection(SolutionConfigurationPlatforms) = preSolution
		Debug|Any CPU = Debug|Any CPU
		Release|Any CPU = Release|Any CPU
	EndGlobalSection
	GlobalSection(ProjectConfigurationPlatforms) = postSolution
		{F14131A4-B207-4F23-9377-70DE5EE3A3F5}.Debug|Any CPU.ActiveCfg = Debug|Any CPU
		{F14131A4-B207-4F23-9377-70DE5EE3A3F5}.Debug|Any CPU.Build.0 = Debug|Any CPU
		{F14131A4-B207-4F23-9377-70DE5EE3A3F5}.Release|Any CPU.ActiveCfg = Release|Any CPU
		{F14131A4-B207-4F23-9377-70DE5EE3A3F5}.Release|Any CPU.Build.0 = Release|Any CPU
		{64F92229-1B81-4526-968B-FD6633E5009F}.Debug|Any CPU.ActiveCfg = Debug|Any CPU
		{64F92229-1B81-4526-968B-FD6633E5009F}.Debug|Any CPU.Build.0 = Debug|Any CPU
		{64F92229-1B81-4526-968B-FD6633E5009F}.Release|Any CPU.ActiveCfg = Release|Any CPU
		{64F92229-1B81-4526-968B-FD6633E5009F}.Release|Any CPU.Build.0 = Release|Any CPU
		{4F9C4C57-AC12-4F72-AC03-0ECF40895C54}.Debug|Any CPU.ActiveCfg = Debug|Any CPU
		{4F9C4C57-AC12-4F72-AC03-0ECF40895C54}.Debug|Any CPU.Build.0 = Debug|Any CPU
		{4F9C4C57-AC12-4F72-AC03-0ECF40895C54}.Release|Any CPU.ActiveCfg = Release|Any CPU
		{4F9C4C57-AC12-4F72-AC03-0ECF40895C54}.Release|Any CPU.Build.0 = Release|Any CPU
		{B0FA4694-A717-4CBA-A35D-AABE0C9CFDBB}.Debug|Any CPU.ActiveCfg = Debug|Any CPU
		{B0FA4694-A717-4CBA-A35D-AABE0C9CFDBB}.Debug|Any CPU.Build.0 = Debug|Any CPU
		{B0FA4694-A717-4CBA-A35D-AABE0C9CFDBB}.Release|Any CPU.ActiveCfg = Release|Any CPU
		{B0FA4694-A717-4CBA-A35D-AABE0C9CFDBB}.Release|Any CPU.Build.0 = Release|Any CPU
	EndGlobalSection
	GlobalSection(SolutionProperties) = preSolution
		HideSolutionNode = FALSE
	EndGlobalSection
	GlobalSection(ExtensibilityGlobals) = postSolution
		SolutionGuid = {73D90AAB-FD2E-491F-A258-43979C14994F}
	EndGlobalSection
EndGlobal
